// !$*UTF8*$!
{
	archiveVersion = 1;
	classes = {
	};
	objectVersion = 110;
	objects = {

/* Begin PBXContainerItemProxy section */
		69C82181305E06A700AABE63 /* PBXContainerItemProxy */ = {
			isa = PBXContainerItemProxy;
			containerPortal = 69C8216B305E06A700AABE63 /* Project object */;
			proxyType = 1;
			remoteGlobalIDString = 69C82172305E06A700AABE63;
			remoteInfo = "Adapta-PE";
		};
		69C8218B305E06A700AABE63 /* PBXContainerItemProxy */ = {
			isa = PBXContainerItemProxy;
			containerPortal = 69C8216B305E06A700AABE63 /* Project object */;
			proxyType = 1;
			remoteGlobalIDString = 69C82172305E06A700AABE63;
			remoteInfo = "Adapta-PE";
		};
/* End PBXContainerItemProxy section */

/* Begin PBXFileReference section */
		69C82173305E06A700AABE63 /* Adapta-PE.app */ = {isa = PBXFileReference; explicitFileType = wrapper.application; includeInIndex = 0; path = "Adapta-PE.app"; sourceTree = BUILT_PRODUCTS_DIR; };
		69C82180305E06A700AABE63 /* Adapta-PETests.xctest */ = {isa = PBXFileReference; explicitFileType = wrapper.cfbundle; includeInIndex = 0; path = "Adapta-PETests.xctest"; sourceTree = BUILT_PRODUCTS_DIR; };
		69C8218A305E06A700AABE63 /* Adapta-PEUITests.xctest */ = {isa = PBXFileReference; explicitFileType = wrapper.cfbundle; includeInIndex = 0; path = "Adapta-PEUITests.xctest"; sourceTree = BUILT_PRODUCTS_DIR; };
/* End PBXFileReference section */

/* Begin PBXFileSystemSynchronizedRootGroup section */
		69C82175305E06A700AABE63 /* Adapta-PE */ = {
			isa = PBXFileSystemSynchronizedRootGroup;
			path = "Adapta-PE";
			sourceTree = "<group>";
		};
		69C82183305E06A700AABE63 /* Adapta-PETests */ = {
			isa = PBXFileSystemSynchronizedRootGroup;
			path = "Adapta-PETests";
			sourceTree = "<group>";
		};
		69C8218D305E06A700AABE63 /* Adapta-PEUITests */ = {
			isa = PBXFileSystemSynchronizedRootGroup;
			path = "Adapta-PEUITests";
			sourceTree = "<group>";
		};
/* End PBXFileSystemSynchronizedRootGroup section */

/* Begin PBXFrameworksBuildPhase section */
		69C82170305E06A700AABE63 /* Frameworks */ = {
			isa = PBXFrameworksBuildPhase;
			files = (
			);
		};
		69C8217D305E06A700AABE63 /* Frameworks */ = {
			isa = PBXFrameworksBuildPhase;
			files = (
			);
		};
		69C82187305E06A700AABE63 /* Frameworks */ = {
			isa = PBXFrameworksBuildPhase;
			files = (
			);
		};
/* End PBXFrameworksBuildPhase section */

/* Begin PBXGroup section */
		69C8216A305E06A700AABE63 = {
			isa = PBXGroup;
			children = (
				69C82175305E06A700AABE63 /* Adapta-PE */,
				69C82183305E06A700AABE63 /* Adapta-PETests */,
				69C8218D305E06A700AABE63 /* Adapta-PEUITests */,
				69C82174305E06A700AABE63 /* Products */,
			);
			sourceTree = "<group>";
		};
		69C82174305E06A700AABE63 /* Products */ = {
			isa = PBXGroup;
			children = (
				69C82173305E06A700AABE63 /* Adapta-PE.app */,
				69C82180305E06A700AABE63 /* Adapta-PETests.xctest */,
				69C8218A305E06A700AABE63 /* Adapta-PEUITests.xctest */,
			);
			name = Products;
			sourceTree = "<group>";
		};
/* End PBXGroup section */

/* Begin PBXNativeTarget section */
		69C82172305E06A700AABE63 /* Adapta-PE */ = {
			isa = PBXNativeTarget;
			buildConfigurationList = 69C82192305E06A700AABE63 /* Build configuration list for PBXNativeTarget "Adapta-PE" */;
			buildPhases = (
				69C8216F305E06A700AABE63 /* Sources */,
				69C82170305E06A700AABE63 /* Frameworks */,
				69C82171305E06A700AABE63 /* Resources */,
			);
			buildRules = (
			);
			fileSystemSynchronizedGroups = (
				69C82175305E06A700AABE63 /* Adapta-PE */,
			);
			name = "Adapta-PE";
			productName = "Adapta-PE";
			productReference = 69C82173305E06A700AABE63 /* Adapta-PE.app */;
			productType = "com.apple.product-type.application";
		};
		69C8217F305E06A700AABE63 /* Adapta-PETests */ = {
			isa = PBXNativeTarget;
			buildConfigurationList = 69C82195305E06A700AABE63 /* Build configuration list for PBXNativeTarget "Adapta-PETests" */;
			buildPhases = (
				69C8217C305E06A700AABE63 /* Sources */,
				69C8217D305E06A700AABE63 /* Frameworks */,
				69C8217E305E06A700AABE63 /* Resources */,
			);
			buildRules = (
			);
			dependencies = (
				69C82182305E06A700AABE63 /* PBXTargetDependency */,
			);
			fileSystemSynchronizedGroups = (
				69C82183305E06A700AABE63 /* Adapta-PETests */,
			);
			name = "Adapta-PETests";
			productName = "Adapta-PETests";
			productReference = 69C82180305E06A700AABE63 /* Adapta-PETests.xctest */;
			productType = "com.apple.product-type.bundle.unit-test";
		};
		69C82189305E06A700AABE63 /* Adapta-PEUITests */ = {
			isa = PBXNativeTarget;
			buildConfigurationList = 69C82198305E06A700AABE63 /* Build configuration list for PBXNativeTarget "Adapta-PEUITests" */;
			buildPhases = (
				69C82186305E06A700AABE63 /* Sources */,
				69C82187305E06A700AABE63 /* Frameworks */,
				69C82188305E06A700AABE63 /* Resources */,
			);
			buildRules = (
			);
			dependencies = (
				69C8218C305E06A700AABE63 /* PBXTargetDependency */,
			);
			fileSystemSynchronizedGroups = (
				69C8218D305E06A700AABE63 /* Adapta-PEUITests */,
			);
			name = "Adapta-PEUITests";
			productName = "Adapta-PEUITests";
			productReference = 69C8218A305E06A700AABE63 /* Adapta-PEUITests.xctest */;
			productType = "com.apple.product-type.bundle.ui-testing";
		};
/* End PBXNativeTarget section */

/* Begin PBXProject section */
		69C8216B305E06A700AABE63 /* Project object */ = {
			isa = PBXProject;
			attributes = {
				BuildIndependentTargetsInParallel = 1;
				LastSwiftUpdateCheck = 2700;
				LastUpgradeCheck = 2700;
				TargetAttributes = {
					69C82172305E06A700AABE63 = {
						CreatedOnToolsVersion = 27.0;
					};
					69C8217F305E06A700AABE63 = {
						CreatedOnToolsVersion = 27.0;
						TestTargetID = 69C82172305E06A700AABE63;
					};
					69C82189305E06A700AABE63 = {
						CreatedOnToolsVersion = 27.0;
						TestTargetID = 69C82172305E06A700AABE63;
					};
				};
			};
			buildConfigurationList = 69C8216E305E06A700AABE63 /* Build configuration list for PBXProject "Adapta-PE" */;
			developmentRegion = en;
			hasScannedForEncodings = 0;
			knownRegions = (
				en,
				Base,
			);
			mainGroup = 69C8216A305E06A700AABE63;
			minimizedProjectReferenceProxies = 1;
			preferredProjectObjectVersion = 77;
			productRefGroup = 69C82174305E06A700AABE63 /* Products */;
			projectDirPath = "";
			projectRoot = "";
			targets = (
				69C82172305E06A700AABE63 /* Adapta-PE */,
				69C8217F305E06A700AABE63 /* Adapta-PETests */,
				69C82189305E06A700AABE63 /* Adapta-PEUITests */,
			);
		};
/* End PBXProject section */

/* Begin PBXResourcesBuildPhase section */
		69C82171305E06A700AABE63 /* Resources */ = {
			isa = PBXResourcesBuildPhase;
			files = (
			);
		};
		69C8217E305E06A700AABE63 /* Resources */ = {
			isa = PBXResourcesBuildPhase;
			files = (
			);
		};
		69C82188305E06A700AABE63 /* Resources */ = {
			isa = PBXResourcesBuildPhase;
			files = (
			);
		};
/* End PBXResourcesBuildPhase section */

/* Begin PBXSourcesBuildPhase section */
		69C8216F305E06A700AABE63 /* Sources */ = {
			isa = PBXSourcesBuildPhase;
			files = (
			);
		};
		69C8217C305E06A700AABE63 /* Sources */ = {
			isa = PBXSourcesBuildPhase;
			files = (
			);
		};
		69C82186305E06A700AABE63 /* Sources */ = {
			isa = PBXSourcesBuildPhase;
			files = (
			);
		};
/* End PBXSourcesBuildPhase section */

/* Begin PBXTargetDependency section */
		69C82182305E06A700AABE63 /* PBXTargetDependency */ = {
			isa = PBXTargetDependency;
			target = 69C82172305E06A700AABE63 /* Adapta-PE */;
			targetProxy = 69C82181305E06A700AABE63 /* PBXContainerItemProxy */;
		};
		69C8218C305E06A700AABE63 /* PBXTargetDependency */ = {
			isa = PBXTargetDependency;
			target = 69C82172305E06A700AABE63 /* Adapta-PE */;
			targetProxy = 69C8218B305E06A700AABE63 /* PBXContainerItemProxy */;
		};
/* End PBXTargetDependency section */

/* Begin XCBuildConfiguration section */
		69C82190305E06A700AABE63 /* Debug configuration for PBXProject "Adapta-PE" */ = {
			isa = XCBuildConfiguration;
			buildSettings = {
				ALWAYS_SEARCH_USER_PATHS = NO;
				ASSETCATALOG_COMPILER_GENERATE_SWIFT_ASSET_SYMBOL_EXTENSIONS = YES;
				CLANG_ANALYZER_NONNULL = YES;
				CLANG_ANALYZER_NUMBER_OBJECT_CONVERSION = YES_AGGRESSIVE;
				CLANG_CXX_LANGUAGE_STANDARD = "gnu++20";
				CLANG_ENABLE_MODULES = YES;
				CLANG_ENABLE_OBJC_ARC = YES;
				CLANG_ENABLE_OBJC_WEAK = YES;
				CLANG_WARN_BLOCK_CAPTURE_AUTORELEASING = YES;
				CLANG_WARN_BOOL_CONVERSION = YES;
				CLANG_WARN_COMMA = YES;
				CLANG_WARN_CONSTANT_CONVERSION = YES;
				CLANG_WARN_DEPRECATED_OBJC_IMPLEMENTATIONS = YES;
				CLANG_WARN_DIRECT_OBJC_ISA_USAGE = YES_ERROR;
				CLANG_WARN_DOCUMENTATION_COMMENTS = YES;
				CLANG_WARN_EMPTY_BODY = YES;
				CLANG_WARN_ENUM_CONVERSION = YES;
				CLANG_WARN_INFINITE_RECURSION = YES;
				CLANG_WARN_INT_CONVERSION = YES;
				CLANG_WARN_NON_LITERAL_NULL_CONVERSION = YES;
				CLANG_WARN_OBJC_IMPLICIT_RETAIN_SELF = YES;
				CLANG_WARN_OBJC_LITERAL_CONVERSION = YES;
				CLANG_WARN_OBJC_ROOT_CLASS = YES_ERROR;
				CLANG_WARN_QUOTED_INCLUDE_IN_FRAMEWORK_HEADER = YES;
				CLANG_WARN_RANGE_LOOP_ANALYSIS = YES;
				CLANG_WARN_STRICT_PROTOTYPES = YES;
				CLANG_WARN_SUSPICIOUS_MOVE = YES;
				CLANG_WARN_UNGUARDED_AVAILABILITY = YES_AGGRESSIVE;
				CLANG_WARN_UNREACHABLE_CODE = YES;
				CLANG_WARN__DUPLICATE_METHOD_MATCH = YES;
				COPY_PHASE_STRIP = NO;
				DEBUG_INFORMATION_FORMAT = dwarf;
				DEVELOPMENT_TEAM = X8D8PPM8D7;
				ENABLE_STRICT_OBJC_MSGSEND = YES;
				ENABLE_TESTABILITY = YES;
				ENABLE_USER_SCRIPT_SANDBOXING = YES;
				GCC_C_LANGUAGE_STANDARD = gnu17;
				GCC_DYNAMIC_NO_PIC = NO;
				GCC_NO_COMMON_BLOCKS = YES;
				GCC_OPTIMIZATION_LEVEL = 0;
				GCC_PREPROCESSOR_DEFINITIONS = (
					"DEBUG=1",
					"$(inherited)",
				);
				GCC_WARN_64_TO_32_BIT_CONVERSION = YES;
				GCC_WARN_ABOUT_RETURN_TYPE = YES_ERROR;
				GCC_WARN_UNDECLARED_SELECTOR = YES;
				GCC_WARN_UNINITIALIZED_AUTOS = YES_AGGRESSIVE;
				GCC_WARN_UNUSED_FUNCTION = YES;
				GCC_WARN_UNUSED_VARIABLE = YES;
				LOCALIZATION_PREFERS_STRING_CATALOGS = YES;
				MACOSX_DEPLOYMENT_TARGET = 27.0;
				MTL_ENABLE_DEBUG_INFO = INCLUDE_SOURCE;
				MTL_FAST_MATH = YES;
				ONLY_ACTIVE_ARCH = YES;
				SDKROOT = macosx;
				SWIFT_ACTIVE_COMPILATION_CONDITIONS = "DEBUG $(inherited)";
				SWIFT_OPTIMIZATION_LEVEL = "-Onone";
			};
			name = Debug;
		};
		69C82191305E06A700AABE63 /* Release configuration for PBXProject "Adapta-PE" */ = {
			isa = XCBuildConfiguration;
			buildSettings = {
				ALWAYS_SEARCH_USER_PATHS = NO;
				ASSETCATALOG_COMPILER_GENERATE_SWIFT_ASSET_SYMBOL_EXTENSIONS = YES;
				CLANG_ANALYZER_NONNULL = YES;
				CLANG_ANALYZER_NUMBER_OBJECT_CONVERSION = YES_AGGRESSIVE;
				CLANG_CXX_LANGUAGE_STANDARD = "gnu++20";
				CLANG_ENABLE_MODULES = YES;
				CLANG_ENABLE_OBJC_ARC = YES;
				CLANG_ENABLE_OBJC_WEAK = YES;
				CLANG_WARN_BLOCK_CAPTURE_AUTORELEASING = YES;
				CLANG_WARN_BOOL_CONVERSION = YES;
				CLANG_WARN_COMMA = YES;
				CLANG_WARN_CONSTANT_CONVERSION = YES;
				CLANG_WARN_DEPRECATED_OBJC_IMPLEMENTATIONS = YES;
				CLANG_WARN_DIRECT_OBJC_ISA_USAGE = YES_ERROR;
				CLANG_WARN_DOCUMENTATION_COMMENTS = YES;
				CLANG_WARN_EMPTY_BODY = YES;
				CLANG_WARN_ENUM_CONVERSION = YES;
				CLANG_WARN_INFINITE_RECURSION = YES;
				CLANG_WARN_INT_CONVERSION = YES;
				CLANG_WARN_NON_LITERAL_NULL_CONVERSION = YES;
				CLANG_WARN_OBJC_IMPLICIT_RETAIN_SELF = YES;
				CLANG_WARN_OBJC_LITERAL_CONVERSION = YES;
				CLANG_WARN_OBJC_ROOT_CLASS = YES_ERROR;
				CLANG_WARN_QUOTED_INCLUDE_IN_FRAMEWORK_HEADER = YES;
				CLANG_WARN_RANGE_LOOP_ANALYSIS = YES;
				CLANG_WARN_STRICT_PROTOTYPES = YES;
				CLANG_WARN_SUSPICIOUS_MOVE = YES;
				CLANG_WARN_UNGUARDED_AVAILABILITY = YES_AGGRESSIVE;
				CLANG_WARN_UNREACHABLE_CODE = YES;
				CLANG_WARN__DUPLICATE_METHOD_MATCH = YES;
				COPY_PHASE_STRIP = NO;
				DEBUG_INFORMATION_FORMAT = "dwarf-with-dsym";
				DEVELOPMENT_TEAM = X8D8PPM8D7;
				ENABLE_NS_ASSERTIONS = NO;
				ENABLE_STRICT_OBJC_MSGSEND = YES;
				ENABLE_USER_SCRIPT_SANDBOXING = YES;
				GCC_C_LANGUAGE_STANDARD = gnu17;
				GCC_NO_COMMON_BLOCKS = YES;
				GCC_WARN_64_TO_32_BIT_CONVERSION = YES;
				GCC_WARN_ABOUT_RETURN_TYPE = YES_ERROR;
				GCC_WARN_UNDECLARED_SELECTOR = YES;
				GCC_WARN_UNINITIALIZED_AUTOS = YES_AGGRESSIVE;
				GCC_WARN_UNUSED_FUNCTION = YES;
				GCC_WARN_UNUSED_VARIABLE = YES;
				LOCALIZATION_PREFERS_STRING_CATALOGS = YES;
				MACOSX_DEPLOYMENT_TARGET = 27.0;
				MTL_ENABLE_DEBUG_INFO = NO;
				MTL_FAST_MATH = YES;
				SDKROOT = macosx;
				SWIFT_COMPILATION_MODE = wholemodule;
			};
			name = Release;
		};
		69C82193305E06A700AABE63 /* Debug configuration for PBXNativeTarget "Adapta-PE" */ = {
			isa = XCBuildConfiguration;
			buildSettings = {
				ASSETCATALOG_COMPILER_APPICON_NAME = AppIcon;
				ASSETCATALOG_COMPILER_GLOBAL_ACCENT_COLOR_NAME = AccentColor;
				CODE_SIGN_STYLE = Automatic;
				COMBINE_HIDPI_IMAGES = YES;
				CURRENT_PROJECT_VERSION = 1;
				DEVELOPMENT_TEAM = X8D8PPM8D7;
				ENABLE_APP_SANDBOX = YES;
				ENABLE_HARDENED_RUNTIME = YES;
				ENABLE_PREVIEWS = YES;
				ENABLE_USER_SELECTED_FILES = readonly;
				GENERATE_INFOPLIST_FILE = YES;
				INFOPLIST_KEY_NSHumanReadableCopyright = "";
				LD_RUNPATH_SEARCH_PATHS = (
					"$(inherited)",
					"@executable_path/../Frameworks",
				);
				MARKETING_VERSION = 1.0;
				PRODUCT_BUNDLE_IDENTIFIER = "com.thealejo.Adapta-PE";
				PRODUCT_NAME = "$(TARGET_NAME)";
				REGISTER_APP_GROUPS = YES;
				STRING_CATALOG_GENERATE_SYMBOLS = YES;
				SWIFT_APPROACHABLE_CONCURRENCY = YES;
				SWIFT_DEFAULT_ACTOR_ISOLATION = MainActor;
				SWIFT_EMIT_LOC_STRINGS = YES;
				SWIFT_UPCOMING_FEATURE_MEMBER_IMPORT_VISIBILITY = YES;
				SWIFT_VERSION = 5.0;
			};
			name = Debug;
		};
		69C82194305E06A700AABE63 /* Release configuration for PBXNativeTarget "Adapta-PE" */ = {
			isa = XCBuildConfiguration;
			buildSettings = {
				ASSETCATALOG_COMPILER_APPICON_NAME = AppIcon;
				ASSETCATALOG_COMPILER_GLOBAL_ACCENT_COLOR_NAME = AccentColor;
				CODE_SIGN_STYLE = Automatic;
				COMBINE_HIDPI_IMAGES = YES;
				CURRENT_PROJECT_VERSION = 1;
				DEVELOPMENT_TEAM = X8D8PPM8D7;
				ENABLE_APP_SANDBOX = YES;
				ENABLE_HARDENED_RUNTIME = YES;
				ENABLE_PREVIEWS = YES;
				ENABLE_USER_SELECTED_FILES = readonly;
				GENERATE_INFOPLIST_FILE = YES;
				INFOPLIST_KEY_NSHumanReadableCopyright = "";
				LD_RUNPATH_SEARCH_PATHS = (
					"$(inherited)",
					"@executable_path/../Frameworks",
				);
				MARKETING_VERSION = 1.0;
				PRODUCT_BUNDLE_IDENTIFIER = "com.thealejo.Adapta-PE";
				PRODUCT_NAME = "$(TARGET_NAME)";
				REGISTER_APP_GROUPS = YES;
				STRING_CATALOG_GENERATE_SYMBOLS = YES;
				SWIFT_APPROACHABLE_CONCURRENCY = YES;
				SWIFT_DEFAULT_ACTOR_ISOLATION = MainActor;
				SWIFT_EMIT_LOC_STRINGS = YES;
				SWIFT_UPCOMING_FEATURE_MEMBER_IMPORT_VISIBILITY = YES;
				SWIFT_VERSION = 5.0;
			};
			name = Release;
		};
		69C82196305E06A700AABE63 /* Debug configuration for PBXNativeTarget "Adapta-PETests" */ = {
			isa = XCBuildConfiguration;
			buildSettings = {
				BUNDLE_LOADER = "$(TEST_HOST)";
				CODE_SIGN_STYLE = Automatic;
				CURRENT_PROJECT_VERSION = 1;
				DEVELOPMENT_TEAM = X8D8PPM8D7;
				GENERATE_INFOPLIST_FILE = YES;
				MACOSX_DEPLOYMENT_TARGET = 27.0;
				MARKETING_VERSION = 1.0;
				PRODUCT_BUNDLE_IDENTIFIER = "com.thealejo.Adapta-PETests";
				PRODUCT_NAME = "$(TARGET_NAME)";
				STRING_CATALOG_GENERATE_SYMBOLS = NO;
				SWIFT_APPROACHABLE_CONCURRENCY = YES;
				SWIFT_EMIT_LOC_STRINGS = NO;
				SWIFT_UPCOMING_FEATURE_MEMBER_IMPORT_VISIBILITY = YES;
				SWIFT_VERSION = 5.0;
				TEST_HOST = "$(BUILT_PRODUCTS_DIR)/Adapta-PE.app/$(BUNDLE_EXECUTABLE_FOLDER_PATH)/Adapta-PE";
			};
			name = Debug;
		};
		69C82197305E06A700AABE63 /* Release configuration for PBXNativeTarget "Adapta-PETests" */ = {
			isa = XCBuildConfiguration;
			buildSettings = {
				BUNDLE_LOADER = "$(TEST_HOST)";
				CODE_SIGN_STYLE = Automatic;
				CURRENT_PROJECT_VERSION = 1;
				DEVELOPMENT_TEAM = X8D8PPM8D7;
				GENERATE_INFOPLIST_FILE = YES;
				MACOSX_DEPLOYMENT_TARGET = 27.0;
				MARKETING_VERSION = 1.0;
				PRODUCT_BUNDLE_IDENTIFIER = "com.thealejo.Adapta-PETests";
				PRODUCT_NAME = "$(TARGET_NAME)";
				STRING_CATALOG_GENERATE_SYMBOLS = NO;
				SWIFT_APPROACHABLE_CONCURRENCY = YES;
				SWIFT_EMIT_LOC_STRINGS = NO;
				SWIFT_UPCOMING_FEATURE_MEMBER_IMPORT_VISIBILITY = YES;
				SWIFT_VERSION = 5.0;
				TEST_HOST = "$(BUILT_PRODUCTS_DIR)/Adapta-PE.app/$(BUNDLE_EXECUTABLE_FOLDER_PATH)/Adapta-PE";
			};
			name = Release;
		};
		69C82199305E06A700AABE63 /* Debug configuration for PBXNativeTarget "Adapta-PEUITests" */ = {
			isa = XCBuildConfiguration;
			buildSettings = {
				CODE_SIGN_STYLE = Automatic;
				CURRENT_PROJECT_VERSION = 1;
				DEVELOPMENT_TEAM = X8D8PPM8D7;
				GENERATE_INFOPLIST_FILE = YES;
				MARKETING_VERSION = 1.0;
				PRODUCT_BUNDLE_IDENTIFIER = "com.thealejo.Adapta-PEUITests";
				PRODUCT_NAME = "$(TARGET_NAME)";
				STRING_CATALOG_GENERATE_SYMBOLS = NO;
				SWIFT_APPROACHABLE_CONCURRENCY = YES;
				SWIFT_EMIT_LOC_STRINGS = NO;
				SWIFT_UPCOMING_FEATURE_MEMBER_IMPORT_VISIBILITY = YES;
				SWIFT_VERSION = 5.0;
				TEST_TARGET_NAME = "Adapta-PE";
			};
			name = Debug;
		};
		69C8219A305E06A700AABE63 /* Release configuration for PBXNativeTarget "Adapta-PEUITests" */ = {
			isa = XCBuildConfiguration;
			buildSettings = {
				CODE_SIGN_STYLE = Automatic;
				CURRENT_PROJECT_VERSION = 1;
				DEVELOPMENT_TEAM = X8D8PPM8D7;
				GENERATE_INFOPLIST_FILE = YES;
				MARKETING_VERSION = 1.0;
				PRODUCT_BUNDLE_IDENTIFIER = "com.thealejo.Adapta-PEUITests";
				PRODUCT_NAME = "$(TARGET_NAME)";
				STRING_CATALOG_GENERATE_SYMBOLS = NO;
				SWIFT_APPROACHABLE_CONCURRENCY = YES;
				SWIFT_EMIT_LOC_STRINGS = NO;
				SWIFT_UPCOMING_FEATURE_MEMBER_IMPORT_VISIBILITY = YES;
				SWIFT_VERSION = 5.0;
				TEST_TARGET_NAME = "Adapta-PE";
			};
			name = Release;
		};
/* End XCBuildConfiguration section */

/* Begin XCConfigurationList section */
		69C8216E305E06A700AABE63 /* Build configuration list for PBXProject "Adapta-PE" */ = {
			isa = XCConfigurationList;
			buildConfigurations = (
				69C82190305E06A700AABE63 /* Debug configuration for PBXProject "Adapta-PE" */,
				69C82191305E06A700AABE63 /* Release configuration for PBXProject "Adapta-PE" */,
			);
			defaultConfigurationName = Release;
		};
		69C82192305E06A700AABE63 /* Build configuration list for PBXNativeTarget "Adapta-PE" */ = {
			isa = XCConfigurationList;
			buildConfigurations = (
				69C82193305E06A700AABE63 /* Debug configuration for PBXNativeTarget "Adapta-PE" */,
				69C82194305E06A700AABE63 /* Release configuration for PBXNativeTarget "Adapta-PE" */,
			);
			defaultConfigurationName = Release;
		};
		69C82195305E06A700AABE63 /* Build configuration list for PBXNativeTarget "Adapta-PETests" */ = {
			isa = XCConfigurationList;
			buildConfigurations = (
				69C82196305E06A700AABE63 /* Debug configuration for PBXNativeTarget "Adapta-PETests" */,
				69C82197305E06A700AABE63 /* Release configuration for PBXNativeTarget "Adapta-PETests" */,
			);
			defaultConfigurationName = Release;
		};
		69C82198305E06A700AABE63 /* Build configuration list for PBXNativeTarget "Adapta-PEUITests" */ = {
			isa = XCConfigurationList;
			buildConfigurations = (
				69C82199305E06A700AABE63 /* Debug configuration for PBXNativeTarget "Adapta-PEUITests" */,
				69C8219A305E06A700AABE63 /* Release configuration for PBXNativeTarget "Adapta-PEUITests" */,
			);
			defaultConfigurationName = Release;
		};
/* End XCConfigurationList section */
	};
	rootObject = 69C8216B305E06A700AABE63 /* Project object */;
	validationLevel = 1;
}
